github.com/Bofry/types v0.1.0 h1:lEM+LcPWlC1ByerJlp0cZ4tCCosR9lemVDvu9kATV1Y=
github.com/Bofry/types v0.1.0/go.mod h1:O0I2TpZ3YfKDgTnJO5zeaX9LO7vtdhGnwbz/oP4cKUw=
github.com/cstockton/go-conv v0.0.0-20170524002450-66a2b2ba36e1 h1:h4OgDocdYHGiUh+zUEe4nFlb9ShoHUllqDefGaRoZFg=
github.com/cstockton/go-conv v0.0.0-20170524002450-66a2b2ba36e1/go.mod h1:MBKpQ5HV5wcT/nQYoEqjSMiXwxPouaReOs2f4kj70SQ=
